
Microsoft Visual Studio Solution File, Format Version 12.00
# Visual Studio Version 17
VisualStudioVersion = 17.2.32630.192
MinimumVisualStudioVersion = 10.0.40219.1
Project("{9A19103F-16F7-4668-BE54-9A1E7A4F7556}") = "HotelListing.API", "HotelListing.API\HotelListing.API.csproj", "{90CD45BA-6888-4111-B0A3-D39C3FBD3FCC}"
EndProject
Project("{FAE04EC0-301F-11D3-BF4B-00C04F79EFBC}") = "HotelListing.API.Data", "HotelListing.Data\HotelListing.API.Data.csproj", "{687F72EE-5BEA-450D-8F1E-8EC0DC688462}"
EndProject
Project("{FAE04EC0-301F-11D3-BF4B-00C04F79EFBC}") = "HotelListing.API.Core", "HotelListing.API.Core\HotelListing.API.Core.csproj", "{AC29D348-F301-456E-A1BC-C2080AFD79FE}"
EndProject
Global
	GlobalSection(SolutionConfigurationPlatforms) = preSolution
		Debug|Any CPU = Debug|Any CPU
		Release|Any CPU = Release|Any CPU
	EndGlobalSection
	GlobalSection(ProjectConfigurationPlatforms) = postSolution
		{90CD45BA-6888-4111-B0A3-D39C3FBD3FCC}.Debug|Any CPU.ActiveCfg = Debug|Any CPU
		{90CD45BA-6888-4111-B0A3-D39C3FBD3FCC}.Debug|Any CPU.Build.0 = Debug|Any CPU
		{90CD45BA-6888-4111-B0A3-D39C3FBD3FCC}.Release|Any CPU.ActiveCfg = Release|Any CPU
		{90CD45BA-6888-4111-B0A3-D39C3FBD3FCC}.Release|Any CPU.Build.0 = Release|Any CPU
		{687F72EE-5BEA-450D-8F1E-8EC0DC688462}.Debug|Any CPU.ActiveCfg = Debug|Any CPU
		{687F72EE-5BEA-450D-8F1E-8EC0DC688462}.Debug|Any CPU.Build.0 = Debug|Any CPU
		{687F72EE-5BEA-450D-8F1E-8EC0DC688462}.Release|Any CPU.ActiveCfg = Release|Any CPU
		{687F72EE-5BEA-450D-8F1E-8EC0DC688462}.Release|Any CPU.Build.0 = Release|Any CPU
		{AC29D348-F301-456E-A1BC-C2080AFD79FE}.Debug|Any CPU.ActiveCfg = Debug|Any CPU
		{AC29D348-F301-456E-A1BC-C2080AFD79FE}.Debug|Any CPU.Build.0 = Debug|Any CPU
		{AC29D348-F301-456E-A1BC-C2080AFD79FE}.Release|Any CPU.ActiveCfg = Release|Any CPU
		{AC29D348-F301-456E-A1BC-C2080AFD79FE}.Release|Any CPU.Build.0 = Release|Any CPU
	EndGlobalSection
	GlobalSection(SolutionProperties) = preSolution
		HideSolutionNode = FALSE
	EndGlobalSection
	GlobalSection(ExtensibilityGlobals) = postSolution
		SolutionGuid = {F8CF0B89-7F4A-42B0-A877-5B319A732567}
	EndGlobalSection
EndGlobal
